{
  "name": "issue-189",
  "lockfileVersion": 3,
  "requires": true,
  "packages": {
    "": {
      "name": "issue-189",
      "dependencies": {
        "zod": "4.0.0-beta.20250505T195954"
      },
      "devDependencies": {
        "ts-expect": "1.3.0",
        "typescript": "5.8.3",
        "zod-schema-faker": "file:../.."
      }
    },
    "../..": {
      "version": "2.0.0-beta.4",
      "dev": true,
      "license": "MIT",
      "dependencies": {
        "@faker-js/faker": "9.7.0",
        "randexp": "0.5.3"
      },
      "devDependencies": {
        "@types/node": "22.15.14",
        "@vitest/coverage-v8": "3.1.3",
        "@zod/core": "0.11.6",
        "@zod/mini": "^4.0.0-beta.20250505T195954",
        "prettier": "3.5.3",
        "prettier-plugin-multiline-arrays": "4.0.3",
        "prettier-plugin-organize-imports": "4.1.0",
        "prettier-plugin-packagejson": "2.5.11",
        "prettier-plugin-sort-json": "4.1.1",
        "rimraf": "6.0.1",
        "ts-expect": "1.3.0",
        "ts-node": "10.9.2",
        "typescript": "5.8.3",
        "vite": "6.3.5",
        "vite-plugin-dts": "4.5.3",
        "vitest": "3.1.3",
        "zod": "^4.0.0-beta.20250505T195954"
      },
      "peerDependencies": {
        "@zod/core": "*"
      }
    },
    "node_modules/@zod/core": {
      "version": "0.11.6",
      "resolved": "https://registry.npmjs.org/@zod/core/-/core-0.11.6.tgz",
      "integrity": "sha512-03Bv82fFSfjDAvMfdHHdGSS6SOJs0iCcJlWJv1kJHRtoTT02hZpyip/2Lk6oo4l4FtjuwTrsEQTwg/LD8I7dJA==",
      "license": "MIT",
      "funding": {
        "url": "https://github.com/sponsors/colinhacks"
      }
    },
    "node_modules/ts-expect": {
      "version": "1.3.0",
      "resolved": "https://registry.npmjs.org/ts-expect/-/ts-expect-1.3.0.tgz",
      "integrity": "sha512-e4g0EJtAjk64xgnFPD6kTBUtpnMVzDrMb12N1YZV0VvSlhnVT3SGxiYTLdGy8Q5cYHOIC/FAHmZ10eGrAguicQ==",
      "dev": true
    },
    "node_modules/typescript": {
      "version": "5.8.3",
      "resolved": "https://registry.npmjs.org/typescript/-/typescript-5.8.3.tgz",
      "integrity": "sha512-p1diW6TqL9L07nNxvRMM7hMMw4c5XOo/1ibL4aAIGmSAt9slTE1Xgw5KWuof2uTOvCg9BY7ZRi+GaF+7sfgPeQ==",
      "dev": true,
      "license": "Apache-2.0",
      "bin": {
        "tsc": "bin/tsc",
        "tsserver": "bin/tsserver"
      },
      "engines": {
        "node": ">=14.17"
      }
    },
    "node_modules/zod": {
      "version": "4.0.0-beta.20250505T195954",
      "resolved": "https://registry.npmjs.org/zod/-/zod-4.0.0-beta.20250505T195954.tgz",
      "integrity": "sha512-iB8WvxkobVIXMARvQu20fKvbS7mUTiYRpcD8OQV1xjRhxO0EEpYIRJBk6yfBzHAHEdOSDh3SxDITr5Eajr2vtg==",
      "license": "MIT",
      "dependencies": {
        "@zod/core": "0.11.6"
      },
      "funding": {
        "url": "https://github.com/sponsors/colinhacks"
      }
    },
    "node_modules/zod-schema-faker": {
      "resolved": "../..",
      "link": true
    }
  }
}
